
Microsoft Visual Studio Solution File, Format Version 12.00
# Visual Studio Version 17
VisualStudioVersion = 17.11.35222.181
MinimumVisualStudioVersion = 10.0.40219.1
Project("{FAE04EC0-301F-11D3-BF4B-00C04F79EFBC}") = "CursoTarea2", "CursoTarea2\CursoTarea2.csproj", "{D7182CCD-F0DD-4CF0-B621-46F2040972C2}"
EndProject
Global
	GlobalSection(SolutionConfigurationPlatforms) = preSolution
		Debug|Any CPU = Debug|Any CPU
		Release|Any CPU = Release|Any CPU
	EndGlobalSection
	GlobalSection(ProjectConfigurationPlatforms) = postSolution
		{D7182CCD-F0DD-4CF0-B621-46F2040972C2}.Debug|Any CPU.ActiveCfg = Debug|Any CPU
		{D7182CCD-F0DD-4CF0-B621-46F2040972C2}.Debug|Any CPU.Build.0 = Debug|Any CPU
		{D7182CCD-F0DD-4CF0-B621-46F2040972C2}.Release|Any CPU.ActiveCfg = Release|Any CPU
		{D7182CCD-F0DD-4CF0-B621-46F2040972C2}.Release|Any CPU.Build.0 = Release|Any CPU
	EndGlobalSection
	GlobalSection(SolutionProperties) = preSolution
		HideSolutionNode = FALSE
	EndGlobalSection
	GlobalSection(ExtensibilityGlobals) = postSolution
		SolutionGuid = {C0971562-FD64-46F6-B3A5-840806869704}
	EndGlobalSection
EndGlobal
